// !$*UTF8*$!
{
	archiveVersion = 1;
	classes = {
	};
	objectVersion = 46;
	objects = {

/* Begin PBXBuildFile section */
		8CD9FC431941AC0C00D30AC4 /* Foundation.framework in Frameworks */ = {isa = PBXBuildFile; fileRef = 8CD9FC421941AC0C00D30AC4 /* Foundation.framework */; };
		8CD9FC451941AC0C00D30AC4 /* CoreGraphics.framework in Frameworks */ = {isa = PBXBuildFile; fileRef = 8CD9FC441941AC0C00D30AC4 /* CoreGraphics.framework */; };
		8CD9FC471941AC0C00D30AC4 /* UIKit.framework in Frameworks */ = {isa = PBXBuildFile; fileRef = 8CD9FC461941AC0C00D30AC4 /* UIKit.framework */; };
		8CD9FC4D1941AC0C00D30AC4 /* InfoPlist.strings in Resources */ = {isa = PBXBuildFile; fileRef = 8CD9FC4B1941AC0C00D30AC4 /* InfoPlist.strings */; };
		8CD9FC4F1941AC0C00D30AC4 /* main.m in Sources */ = {isa = PBXBuildFile; fileRef = 8CD9FC4E1941AC0C00D30AC4 /* main.m */; };
		8CD9FC531941AC0C00D30AC4 /* AppDelegate.m in Sources */ = {isa = PBXBuildFile; fileRef = 8CD9FC521941AC0C00D30AC4 /* AppDelegate.m */; };
		8CD9FC551941AC0C00D30AC4 /* Images.xcassets in Resources */ = {isa = PBXBuildFile; fileRef = 8CD9FC541941AC0C00D30AC4 /* Images.xcassets */; };
		8CD9FC5C1941AC0C00D30AC4 /* XCTest.framework in Frameworks */ = {isa = PBXBuildFile; fileRef = 8CD9FC5B1941AC0C00D30AC4 /* XCTest.framework */; };
		8CD9FC5D1941AC0C00D30AC4 /* Foundation.framework in Frameworks */ = {isa = PBXBuildFile; fileRef = 8CD9FC421941AC0C00D30AC4 /* Foundation.framework */; };
		8CD9FC5E1941AC0C00D30AC4 /* UIKit.framework in Frameworks */ = {isa = PBXBuildFile; fileRef = 8CD9FC461941AC0C00D30AC4 /* UIKit.framework */; };
		8CD9FC661941AC0C00D30AC4 /* InfoPlist.strings in Resources */ = {isa = PBXBuildFile; fileRef = 8CD9FC641941AC0C00D30AC4 /* InfoPlist.strings */; };
		8CD9FC681941AC0C00D30AC4 /* BarsTests.m in Sources */ = {isa = PBXBuildFile; fileRef = 8CD9FC671941AC0C00D30AC4 /* BarsTests.m */; };
		8CD9FC741941AC4C00D30AC4 /* Bar.m in Sources */ = {isa = PBXBuildFile; fileRef = 8CD9FC731941AC4C00D30AC4 /* Bar.m */; };
		8CD9FC771941B5F400D30AC4 /* Bars.m in Sources */ = {isa = PBXBuildFile; fileRef = 8CD9FC761941B5F400D30AC4 /* Bars.m */; };
		8CD9FC791941B9EC00D30AC4 /* barsList.plist in Resources */ = {isa = PBXBuildFile; fileRef = 8CD9FC781941B9EC00D30AC4 /* barsList.plist */; };
		8CD9FC7B1941BB3100D30AC4 /* BarsListTest.m in Sources */ = {isa = PBXBuildFile; fileRef = 8CD9FC7A1941BB3100D30AC4 /* BarsListTest.m */; };
		8CD9FC7E1941BD9100D30AC4 /* Storyboard.storyboard in Resources */ = {isa = PBXBuildFile; fileRef = 8CD9FC7D1941BD9100D30AC4 /* Storyboard.storyboard */; };
		8CD9FC821941BDD800D30AC4 /* BarsViewController.m in Sources */ = {isa = PBXBuildFile; fileRef = 8CD9FC811941BDD800D30AC4 /* BarsViewController.m */; };
		8CD9FC851941C13C00D30AC4 /* BarDetailViewController.m in Sources */ = {isa = PBXBuildFile; fileRef = 8CD9FC841941C13C00D30AC4 /* BarDetailViewController.m */; };
		8CD9FC871941C20400D30AC4 /* README.md in Resources */ = {isa = PBXBuildFile; fileRef = 8CD9FC861941C20400D30AC4 /* README.md */; };
/* End PBXBuildFile section */

/* Begin PBXContainerItemProxy section */
		8CD9FC5F1941AC0C00D30AC4 /* PBXContainerItemProxy */ = {
			isa = PBXContainerItemProxy;
			containerPortal = 8CD9FC371941AC0C00D30AC4 /* Project object */;
			proxyType = 1;
			remoteGlobalIDString = 8CD9FC3E1941AC0C00D30AC4;
			remoteInfo = Bars;
		};
/* End PBXContainerItemProxy section */

/* Begin PBXFileReference section */
		8CD9FC3F1941AC0C00D30AC4 /* Bars.app */ = {isa = PBXFileReference; explicitFileType = wrapper.application; includeInIndex = 0; path = Bars.app; sourceTree = BUILT_PRODUCTS_DIR; };
		8CD9FC421941AC0C00D30AC4 /* Foundation.framework */ = {isa = PBXFileReference; lastKnownFileType = wrapper.framework; name = Foundation.framework; path = System/Library/Frameworks/Foundation.framework; sourceTree = SDKROOT; };
		8CD9FC441941AC0C00D30AC4 /* CoreGraphics.framework */ = {isa = PBXFileReference; lastKnownFileType = wrapper.framework; name = CoreGraphics.framework; path = System/Library/Frameworks/CoreGraphics.framework; sourceTree = SDKROOT; };
		8CD9FC461941AC0C00D30AC4 /* UIKit.framework */ = {isa = PBXFileReference; lastKnownFileType = wrapper.framework; name = UIKit.framework; path = System/Library/Frameworks/UIKit.framework; sourceTree = SDKROOT; };
		8CD9FC4A1941AC0C00D30AC4 /* Bars-Info.plist */ = {isa = PBXFileReference; lastKnownFileType = text.plist.xml; path = "Bars-Info.plist"; sourceTree = "<group>"; };
		8CD9FC4C1941AC0C00D30AC4 /* en */ = {isa = PBXFileReference; lastKnownFileType = text.plist.strings; name = en; path = en.lproj/InfoPlist.strings; sourceTree = "<group>"; };
		8CD9FC4E1941AC0C00D30AC4 /* main.m */ = {isa = PBXFileReference; lastKnownFileType = sourcecode.c.objc; path = main.m; sourceTree = "<group>"; };
		8CD9FC501941AC0C00D30AC4 /* Bars-Prefix.pch */ = {isa = PBXFileReference; lastKnownFileType = sourcecode.c.h; path = "Bars-Prefix.pch"; sourceTree = "<group>"; };
		8CD9FC511941AC0C00D30AC4 /* AppDelegate.h */ = {isa = PBXFileReference; lastKnownFileType = sourcecode.c.h; path = AppDelegate.h; sourceTree = "<group>"; };
		8CD9FC521941AC0C00D30AC4 /* AppDelegate.m */ = {isa = PBXFileReference; lastKnownFileType = sourcecode.c.objc; path = AppDelegate.m; sourceTree = "<group>"; };
		8CD9FC541941AC0C00D30AC4 /* Images.xcassets */ = {isa = PBXFileReference; lastKnownFileType = folder.assetcatalog; path = Images.xcassets; sourceTree = "<group>"; };
		8CD9FC5A1941AC0C00D30AC4 /* BarsTests.xctest */ = {isa = PBXFileReference; explicitFileType = wrapper.cfbundle; includeInIndex = 0; path = BarsTests.xctest; sourceTree = BUILT_PRODUCTS_DIR; };
		8CD9FC5B1941AC0C00D30AC4 /* XCTest.framework */ = {isa = PBXFileReference; lastKnownFileType = wrapper.framework; name = XCTest.framework; path = Library/Frameworks/XCTest.framework; sourceTree = DEVELOPER_DIR; };
		8CD9FC631941AC0C00D30AC4 /* BarsTests-Info.plist */ = {isa = PBXFileReference; lastKnownFileType = text.plist.xml; path = "BarsTests-Info.plist"; sourceTree = "<group>"; };
		8CD9FC651941AC0C00D30AC4 /* en */ = {isa = PBXFileReference; lastKnownFileType = text.plist.strings; name = en; path = en.lproj/InfoPlist.strings; sourceTree = "<group>"; };
		8CD9FC671941AC0C00D30AC4 /* BarsTests.m */ = {isa = PBXFileReference; lastKnownFileType = sourcecode.c.objc; path = BarsTests.m; sourceTree = "<group>"; };
		8CD9FC721941AC4C00D30AC4 /* Bar.h */ = {isa = PBXFileReference; fileEncoding = 4; lastKnownFileType = sourcecode.c.h; path = Bar.h; sourceTree = "<group>"; };
		8CD9FC731941AC4C00D30AC4 /* Bar.m */ = {isa = PBXFileReference; fileEncoding = 4; lastKnownFileType = sourcecode.c.objc; path = Bar.m; sourceTree = "<group>"; };
		8CD9FC751941B5F400D30AC4 /* Bars.h */ = {isa = PBXFileReference; fileEncoding = 4; lastKnownFileType = sourcecode.c.h; path = Bars.h; sourceTree = "<group>"; };
		8CD9FC761941B5F400D30AC4 /* Bars.m */ = {isa = PBXFileReference; fileEncoding = 4; lastKnownFileType = sourcecode.c.objc; path = Bars.m; sourceTree = "<group>"; };
		8CD9FC781941B9EC00D30AC4 /* barsList.plist */ = {isa = PBXFileReference; fileEncoding = 4; lastKnownFileType = text.plist.xml; path = barsList.plist; sourceTree = "<group>"; };
		8CD9FC7A1941BB3100D30AC4 /* BarsListTest.m */ = {isa = PBXFileReference; fileEncoding = 4; lastKnownFileType = sourcecode.c.objc; path = BarsListTest.m; sourceTree = "<group>"; };
		8CD9FC7D1941BD9100D30AC4 /* Storyboard.storyboard */ = {isa = PBXFileReference; fileEncoding = 4; lastKnownFileType = file.storyboard; path = Storyboard.storyboard; sourceTree = "<group>"; };
		8CD9FC801941BDD800D30AC4 /* BarsViewController.h */ = {isa = PBXFileReference; fileEncoding = 4; lastKnownFileType = sourcecode.c.h; path = BarsViewController.h; sourceTree = "<group>"; };
		8CD9FC811941BDD800D30AC4 /* BarsViewController.m */ = {isa = PBXFileReference; fileEncoding = 4; lastKnownFileType = sourcecode.c.objc; path = BarsViewController.m; sourceTree = "<group>"; };
		8CD9FC831941C13C00D30AC4 /* BarDetailViewController.h */ = {isa = PBXFileReference; fileEncoding = 4; lastKnownFileType = sourcecode.c.h; path = BarDetailViewController.h; sourceTree = "<group>"; };
		8CD9FC841941C13C00D30AC4 /* BarDetailViewController.m */ = {isa = PBXFileReference; fileEncoding = 4; lastKnownFileType = sourcecode.c.objc; path = BarDetailViewController.m; sourceTree = "<group>"; };
		8CD9FC861941C20400D30AC4 /* README.md */ = {isa = PBXFileReference; fileEncoding = 4; lastKnownFileType = text; path = README.md; sourceTree = "<group>"; };
/* End PBXFileReference section */

/* Begin PBXFrameworksBuildPhase section */
		8CD9FC3C1941AC0C00D30AC4 /* Frameworks */ = {
			isa = PBXFrameworksBuildPhase;
			buildActionMask = 2147483647;
			files = (
				8CD9FC451941AC0C00D30AC4 /* CoreGraphics.framework in Frameworks */,
				8CD9FC471941AC0C00D30AC4 /* UIKit.framework in Frameworks */,
				8CD9FC431941AC0C00D30AC4 /* Foundation.framework in Frameworks */,
			);
			runOnlyForDeploymentPostprocessing = 0;
		};
		8CD9FC571941AC0C00D30AC4 /* Frameworks */ = {
			isa = PBXFrameworksBuildPhase;
			buildActionMask = 2147483647;
			files = (
				8CD9FC5C1941AC0C00D30AC4 /* XCTest.framework in Frameworks */,
				8CD9FC5E1941AC0C00D30AC4 /* UIKit.framework in Frameworks */,
				8CD9FC5D1941AC0C00D30AC4 /* Foundation.framework in Frameworks */,
			);
			runOnlyForDeploymentPostprocessing = 0;
		};
/* End PBXFrameworksBuildPhase section */

/* Begin PBXGroup section */
		8CD9FC361941AC0C00D30AC4 = {
			isa = PBXGroup;
			children = (
				8CD9FC861941C20400D30AC4 /* README.md */,
				8CD9FC481941AC0C00D30AC4 /* Bars */,
				8CD9FC611941AC0C00D30AC4 /* BarsTests */,
				8CD9FC411941AC0C00D30AC4 /* Frameworks */,
				8CD9FC401941AC0C00D30AC4 /* Products */,
			);
			sourceTree = "<group>";
		};
		8CD9FC401941AC0C00D30AC4 /* Products */ = {
			isa = PBXGroup;
			children = (
				8CD9FC3F1941AC0C00D30AC4 /* Bars.app */,
				8CD9FC5A1941AC0C00D30AC4 /* BarsTests.xctest */,
			);
			name = Products;
			sourceTree = "<group>";
		};
		8CD9FC411941AC0C00D30AC4 /* Frameworks */ = {
			isa = PBXGroup;
			children = (
				8CD9FC421941AC0C00D30AC4 /* Foundation.framework */,
				8CD9FC441941AC0C00D30AC4 /* CoreGraphics.framework */,
				8CD9FC461941AC0C00D30AC4 /* UIKit.framework */,
				8CD9FC5B1941AC0C00D30AC4 /* XCTest.framework */,
			);
			name = Frameworks;
			sourceTree = "<group>";
		};
		8CD9FC481941AC0C00D30AC4 /* Bars */ = {
			isa = PBXGroup;
			children = (
				8CD9FC7F1941BDBC00D30AC4 /* Controllers */,
				8CD9FC7C1941BD7D00D30AC4 /* Views */,
				8CD9FC711941AC3800D30AC4 /* Models */,
				8CD9FC511941AC0C00D30AC4 /* AppDelegate.h */,
				8CD9FC521941AC0C00D30AC4 /* AppDelegate.m */,
				8CD9FC541941AC0C00D30AC4 /* Images.xcassets */,
				8CD9FC491941AC0C00D30AC4 /* Supporting Files */,
			);
			path = Bars;
			sourceTree = "<group>";
		};
		8CD9FC491941AC0C00D30AC4 /* Supporting Files */ = {
			isa = PBXGroup;
			children = (
				8CD9FC4A1941AC0C00D30AC4 /* Bars-Info.plist */,
				8CD9FC4B1941AC0C00D30AC4 /* InfoPlist.strings */,
				8CD9FC4E1941AC0C00D30AC4 /* main.m */,
				8CD9FC501941AC0C00D30AC4 /* Bars-Prefix.pch */,
			);
			name = "Supporting Files";
			sourceTree = "<group>";
		};
		8CD9FC611941AC0C00D30AC4 /* BarsTests */ = {
			isa = PBXGroup;
			children = (
				8CD9FC671941AC0C00D30AC4 /* BarsTests.m */,
				8CD9FC621941AC0C00D30AC4 /* Supporting Files */,
				8CD9FC7A1941BB3100D30AC4 /* BarsListTest.m */,
			);
			path = BarsTests;
			sourceTree = "<group>";
		};
		8CD9FC621941AC0C00D30AC4 /* Supporting Files */ = {
			isa = PBXGroup;
			children = (
				8CD9FC631941AC0C00D30AC4 /* BarsTests-Info.plist */,
				8CD9FC641941AC0C00D30AC4 /* InfoPlist.strings */,
			);
			name = "Supporting Files";
			sourceTree = "<group>";
		};
		8CD9FC711941AC3800D30AC4 /* Models */ = {
			isa = PBXGroup;
			children = (
				8CD9FC721941AC4C00D30AC4 /* Bar.h */,
				8CD9FC731941AC4C00D30AC4 /* Bar.m */,
				8CD9FC751941B5F400D30AC4 /* Bars.h */,
				8CD9FC761941B5F400D30AC4 /* Bars.m */,
				8CD9FC781941B9EC00D30AC4 /* barsList.plist */,
			);
			name = Models;
			sourceTree = "<group>";
		};
		8CD9FC7C1941BD7D00D30AC4 /* Views */ = {
			isa = PBXGroup;
			children = (
				8CD9FC7D1941BD9100D30AC4 /* Storyboard.storyboard */,
			);
			name = Views;
			sourceTree = "<group>";
		};
		8CD9FC7F1941BDBC00D30AC4 /* Controllers */ = {
			isa = PBXGroup;
			children = (
				8CD9FC801941BDD800D30AC4 /* BarsViewController.h */,
				8CD9FC811941BDD800D30AC4 /* BarsViewController.m */,
				8CD9FC831941C13C00D30AC4 /* BarDetailViewController.h */,
				8CD9FC841941C13C00D30AC4 /* BarDetailViewController.m */,
			);
			name = Controllers;
			sourceTree = "<group>";
		};
/* End PBXGroup section */

/* Begin PBXNativeTarget section */
		8CD9FC3E1941AC0C00D30AC4 /* Bars */ = {
			isa = PBXNativeTarget;
			buildConfigurationList = 8CD9FC6B1941AC0C00D30AC4 /* Build configuration list for PBXNativeTarget "Bars" */;
			buildPhases = (
				8CD9FC3B1941AC0C00D30AC4 /* Sources */,
				8CD9FC3C1941AC0C00D30AC4 /* Frameworks */,
				8CD9FC3D1941AC0C00D30AC4 /* Resources */,
			);
			buildRules = (
			);
			dependencies = (
			);
			name = Bars;
			productName = Bars;
			productReference = 8CD9FC3F1941AC0C00D30AC4 /* Bars.app */;
			productType = "com.apple.product-type.application";
		};
		8CD9FC591941AC0C00D30AC4 /* BarsTests */ = {
			isa = PBXNativeTarget;
			buildConfigurationList = 8CD9FC6E1941AC0C00D30AC4 /* Build configuration list for PBXNativeTarget "BarsTests" */;
			buildPhases = (
				8CD9FC561941AC0C00D30AC4 /* Sources */,
				8CD9FC571941AC0C00D30AC4 /* Frameworks */,
				8CD9FC581941AC0C00D30AC4 /* Resources */,
			);
			buildRules = (
			);
			dependencies = (
				8CD9FC601941AC0C00D30AC4 /* PBXTargetDependency */,
			);
			name = BarsTests;
			productName = BarsTests;
			productReference = 8CD9FC5A1941AC0C00D30AC4 /* BarsTests.xctest */;
			productType = "com.apple.product-type.bundle.unit-test";
		};
/* End PBXNativeTarget section */

/* Begin PBXProject section */
		8CD9FC371941AC0C00D30AC4 /* Project object */ = {
			isa = PBXProject;
			attributes = {
				LastUpgradeCheck = 0510;
				ORGANIZATIONNAME = ironhack;
				TargetAttributes = {
					8CD9FC591941AC0C00D30AC4 = {
						TestTargetID = 8CD9FC3E1941AC0C00D30AC4;
					};
				};
			};
			buildConfigurationList = 8CD9FC3A1941AC0C00D30AC4 /* Build configuration list for PBXProject "Bars" */;
			compatibilityVersion = "Xcode 3.2";
			developmentRegion = English;
			hasScannedForEncodings = 0;
			knownRegions = (
				en,
			);
			mainGroup = 8CD9FC361941AC0C00D30AC4;
			productRefGroup = 8CD9FC401941AC0C00D30AC4 /* Products */;
			projectDirPath = "";
			projectRoot = "";
			targets = (
				8CD9FC3E1941AC0C00D30AC4 /* Bars */,
				8CD9FC591941AC0C00D30AC4 /* BarsTests */,
			);
		};
/* End PBXProject section */

/* Begin PBXResourcesBuildPhase section */
		8CD9FC3D1941AC0C00D30AC4 /* Resources */ = {
			isa = PBXResourcesBuildPhase;
			buildActionMask = 2147483647;
			files = (
				8CD9FC791941B9EC00D30AC4 /* barsList.plist in Resources */,
				8CD9FC7E1941BD9100D30AC4 /* Storyboard.storyboard in Resources */,
				8CD9FC871941C20400D30AC4 /* README.md in Resources */,
				8CD9FC4D1941AC0C00D30AC4 /* InfoPlist.strings in Resources */,
				8CD9FC551941AC0C00D30AC4 /* Images.xcassets in Resources */,
			);
			runOnlyForDeploymentPostprocessing = 0;
		};
		8CD9FC581941AC0C00D30AC4 /* Resources */ = {
			isa = PBXResourcesBuildPhase;
			buildActionMask = 2147483647;
			files = (
				8CD9FC661941AC0C00D30AC4 /* InfoPlist.strings in Resources */,
			);
			runOnlyForDeploymentPostprocessing = 0;
		};
/* End PBXResourcesBuildPhase section */

/* Begin PBXSourcesBuildPhase section */
		8CD9FC3B1941AC0C00D30AC4 /* Sources */ = {
			isa = PBXSourcesBuildPhase;
			buildActionMask = 2147483647;
			files = (
				8CD9FC741941AC4C00D30AC4 /* Bar.m in Sources */,
				8CD9FC821941BDD800D30AC4 /* BarsViewController.m in Sources */,
				8CD9FC771941B5F400D30AC4 /* Bars.m in Sources */,
				8CD9FC531941AC0C00D30AC4 /* AppDelegate.m in Sources */,
				8CD9FC4F1941AC0C00D30AC4 /* main.m in Sources */,
				8CD9FC851941C13C00D30AC4 /* BarDetailViewController.m in Sources */,
			);
			runOnlyForDeploymentPostprocessing = 0;
		};
		8CD9FC561941AC0C00D30AC4 /* Sources */ = {
			isa = PBXSourcesBuildPhase;
			buildActionMask = 2147483647;
			files = (
				8CD9FC681941AC0C00D30AC4 /* BarsTests.m in Sources */,
				8CD9FC7B1941BB3100D30AC4 /* BarsListTest.m in Sources */,
			);
			runOnlyForDeploymentPostprocessing = 0;
		};
/* End PBXSourcesBuildPhase section */

/* Begin PBXTargetDependency section */
		8CD9FC601941AC0C00D30AC4 /* PBXTargetDependency */ = {
			isa = PBXTargetDependency;
			target = 8CD9FC3E1941AC0C00D30AC4 /* Bars */;
			targetProxy = 8CD9FC5F1941AC0C00D30AC4 /* PBXContainerItemProxy */;
		};
/* End PBXTargetDependency section */

/* Begin PBXVariantGroup section */
		8CD9FC4B1941AC0C00D30AC4 /* InfoPlist.strings */ = {
			isa = PBXVariantGroup;
			children = (
				8CD9FC4C1941AC0C00D30AC4 /* en */,
			);
			name = InfoPlist.strings;
			sourceTree = "<group>";
		};
		8CD9FC641941AC0C00D30AC4 /* InfoPlist.strings */ = {
			isa = PBXVariantGroup;
			children = (
				8CD9FC651941AC0C00D30AC4 /* en */,
			);
			name = InfoPlist.strings;
			sourceTree = "<group>";
		};
/* End PBXVariantGroup section */

/* Begin XCBuildConfiguration section */
		8CD9FC691941AC0C00D30AC4 /* Debug */ = {
			isa = XCBuildConfiguration;
			buildSettings = {
				ALWAYS_SEARCH_USER_PATHS = NO;
				CLANG_CXX_LANGUAGE_STANDARD = "gnu++0x";
				CLANG_CXX_LIBRARY = "libc++";
				CLANG_ENABLE_MODULES = YES;
				CLANG_ENABLE_OBJC_ARC = YES;
				CLANG_WARN_BOOL_CONVERSION = YES;
				CLANG_WARN_CONSTANT_CONVERSION = YES;
				CLANG_WARN_DIRECT_OBJC_ISA_USAGE = YES_ERROR;
				CLANG_WARN_EMPTY_BODY = YES;
				CLANG_WARN_ENUM_CONVERSION = YES;
				CLANG_WARN_INT_CONVERSION = YES;
				CLANG_WARN_OBJC_ROOT_CLASS = YES_ERROR;
				CLANG_WARN__DUPLICATE_METHOD_MATCH = YES;
				"CODE_SIGN_IDENTITY[sdk=iphoneos*]" = "iPhone Developer";
				COPY_PHASE_STRIP = NO;
				GCC_C_LANGUAGE_STANDARD = gnu99;
				GCC_DYNAMIC_NO_PIC = NO;
				GCC_OPTIMIZATION_LEVEL = 0;
				GCC_PREPROCESSOR_DEFINITIONS = (
					"DEBUG=1",
					"$(inherited)",
				);
				GCC_SYMBOLS_PRIVATE_EXTERN = NO;
				GCC_WARN_64_TO_32_BIT_CONVERSION = YES;
				GCC_WARN_ABOUT_RETURN_TYPE = YES_ERROR;
				GCC_WARN_UNDECLARED_SELECTOR = YES;
				GCC_WARN_UNINITIALIZED_AUTOS = YES_AGGRESSIVE;
				GCC_WARN_UNUSED_FUNCTION = YES;
				GCC_WARN_UNUSED_VARIABLE = YES;
				IPHONEOS_DEPLOYMENT_TARGET = 7.1;
				ONLY_ACTIVE_ARCH = YES;
				SDKROOT = iphoneos;
			};
			name = Debug;
		};
		8CD9FC6A1941AC0C00D30AC4 /* Release */ = {
			isa = XCBuildConfiguration;
			buildSettings = {
				ALWAYS_SEARCH_USER_PATHS = NO;
				CLANG_CXX_LANGUAGE_STANDARD = "gnu++0x";
				CLANG_CXX_LIBRARY = "libc++";
				CLANG_ENABLE_MODULES = YES;
				CLANG_ENABLE_OBJC_ARC = YES;
				CLANG_WARN_BOOL_CONVERSION = YES;
				CLANG_WARN_CONSTANT_CONVERSION = YES;
				CLANG_WARN_DIRECT_OBJC_ISA_USAGE = YES_ERROR;
				CLANG_WARN_EMPTY_BODY = YES;
				CLANG_WARN_ENUM_CONVERSION = YES;
				CLANG_WARN_INT_CONVERSION = YES;
				CLANG_WARN_OBJC_ROOT_CLASS = YES_ERROR;
				CLANG_WARN__DUPLICATE_METHOD_MATCH = YES;
				"CODE_SIGN_IDENTITY[sdk=iphoneos*]" = "iPhone Developer";
				COPY_PHASE_STRIP = YES;
				ENABLE_NS_ASSERTIONS = NO;
				GCC_C_LANGUAGE_STANDARD = gnu99;
				GCC_WARN_64_TO_32_BIT_CONVERSION = YES;
				GCC_WARN_ABOUT_RETURN_TYPE = YES_ERROR;
				GCC_WARN_UNDECLARED_SELECTOR = YES;
				GCC_WARN_UNINITIALIZED_AUTOS = YES_AGGRESSIVE;
				GCC_WARN_UNUSED_FUNCTION = YES;
				GCC_WARN_UNUSED_VARIABLE = YES;
				IPHONEOS_DEPLOYMENT_TARGET = 7.1;
				SDKROOT = iphoneos;
				VALIDATE_PRODUCT = YES;
			};
			name = Release;
		};
		8CD9FC6C1941AC0C00D30AC4 /* Debug */ = {
			isa = XCBuildConfiguration;
			buildSettings = {
				ASSETCATALOG_COMPILER_APPICON_NAME = AppIcon;
				ASSETCATALOG_COMPILER_LAUNCHIMAGE_NAME = LaunchImage;
				GCC_PRECOMPILE_PREFIX_HEADER = YES;
				GCC_PREFIX_HEADER = "Bars/Bars-Prefix.pch";
				INFOPLIST_FILE = "Bars/Bars-Info.plist";
				PRODUCT_NAME = "$(TARGET_NAME)";
				WRAPPER_EXTENSION = app;
			};
			name = Debug;
		};
		8CD9FC6D1941AC0C00D30AC4 /* Release */ = {
			isa = XCBuildConfiguration;
			buildSettings = {
				ASSETCATALOG_COMPILER_APPICON_NAME = AppIcon;
				ASSETCATALOG_COMPILER_LAUNCHIMAGE_NAME = LaunchImage;
				GCC_PRECOMPILE_PREFIX_HEADER = YES;
				GCC_PREFIX_HEADER = "Bars/Bars-Prefix.pch";
				INFOPLIST_FILE = "Bars/Bars-Info.plist";
				PRODUCT_NAME = "$(TARGET_NAME)";
				WRAPPER_EXTENSION = app;
			};
			name = Release;
		};
		8CD9FC6F1941AC0C00D30AC4 /* Debug */ = {
			isa = XCBuildConfiguration;
			buildSettings = {
				BUNDLE_LOADER = "$(BUILT_PRODUCTS_DIR)/Bars.app/Bars";
				FRAMEWORK_SEARCH_PATHS = (
					"$(SDKROOT)/Developer/Library/Frameworks",
					"$(inherited)",
					"$(DEVELOPER_FRAMEWORKS_DIR)",
				);
				GCC_PRECOMPILE_PREFIX_HEADER = YES;
				GCC_PREFIX_HEADER = "Bars/Bars-Prefix.pch";
				GCC_PREPROCESSOR_DEFINITIONS = (
					"DEBUG=1",
					"$(inherited)",
				);
				INFOPLIST_FILE = "BarsTests/BarsTests-Info.plist";
				PRODUCT_NAME = "$(TARGET_NAME)";
				TEST_HOST = "$(BUNDLE_LOADER)";
				WRAPPER_EXTENSION = xctest;
			};
			name = Debug;
		};
		8CD9FC701941AC0C00D30AC4 /* Release */ = {
			isa = XCBuildConfiguration;
			buildSettings = {
				BUNDLE_LOADER = "$(BUILT_PRODUCTS_DIR)/Bars.app/Bars";
				FRAMEWORK_SEARCH_PATHS = (
					"$(SDKROOT)/Developer/Library/Frameworks",
					"$(inherited)",
					"$(DEVELOPER_FRAMEWORKS_DIR)",
				);
				GCC_PRECOMPILE_PREFIX_HEADER = YES;
				GCC_PREFIX_HEADER = "Bars/Bars-Prefix.pch";
				INFOPLIST_FILE = "BarsTests/BarsTests-Info.plist";
				PRODUCT_NAME = "$(TARGET_NAME)";
				TEST_HOST = "$(BUNDLE_LOADER)";
				WRAPPER_EXTENSION = xctest;
			};
			name = Release;
		};
/* End XCBuildConfiguration section */

/* Begin XCConfigurationList section */
		8CD9FC3A1941AC0C00D30AC4 /* Build configuration list for PBXProject "Bars" */ = {
			isa = XCConfigurationList;
			buildConfigurations = (
				8CD9FC691941AC0C00D30AC4 /* Debug */,
				8CD9FC6A1941AC0C00D30AC4 /* Release */,
			);
			defaultConfigurationIsVisible = 0;
			defaultConfigurationName = Release;
		};
		8CD9FC6B1941AC0C00D30AC4 /* Build configuration list for PBXNativeTarget "Bars" */ = {
			isa = XCConfigurationList;
			buildConfigurations = (
				8CD9FC6C1941AC0C00D30AC4 /* Debug */,
				8CD9FC6D1941AC0C00D30AC4 /* Release */,
			);
			defaultConfigurationIsVisible = 0;
		};
		8CD9FC6E1941AC0C00D30AC4 /* Build configuration list for PBXNativeTarget "BarsTests" */ = {
			isa = XCConfigurationList;
			buildConfigurations = (
				8CD9FC6F1941AC0C00D30AC4 /* Debug */,
				8CD9FC701941AC0C00D30AC4 /* Release */,
			);
			defaultConfigurationIsVisible = 0;
		};
/* End XCConfigurationList section */
	};
	rootObject = 8CD9FC371941AC0C00D30AC4 /* Project object */;
}
